# This file was autogenerated by Stack.
# You should not edit this file by hand.
# For more information, please see the documentation at:
#   https://docs.haskellstack.org/en/stable/lock_files

packages:
- completed:
    hackage: trifecta-2.1@sha256:34c69c2f80b370c81f17bb55ee2ed0b61530cb48338f7a81b0cd95653e9b8325,3966
    pantry-tree:
      size: 1832
      sha256: 5d23fffe86a418999eeff2e868b34ec0e39e05c469d6558ec41bd565d8c52f93
  original:
    hackage: trifecta-2.1@sha256:34c69c2f80b370c81f17bb55ee2ed0b61530cb48338f7a81b0cd95653e9b8325,3966
snapshots:
- completed:
    size: 498186
    url: https://raw.githubusercontent.com/commercialhaskell/stackage-snapshots/master/lts/13/22.yaml
    sha256: d4f07dc3d5658260c2fe34266ad7618f6c84d34decf559c9c786ac1cfccf4e7b
  original: lts-13.22
